// !$*UTF8*$!
{
	archiveVersion = 1;
	classes = {
	};
	objectVersion = 50;
	objects = {

/* Begin PBXBuildFile section */
		53C3240C20E0900E009673F9 /* AppDelegate.m in Sources */ = {isa = PBXBuildFile; fileRef = 53C3240B20E0900E009673F9 /* AppDelegate.m */; };
		53C3240F20E0900E009673F9 /* ViewController.m in Sources */ = {isa = PBXBuildFile; fileRef = 53C3240E20E0900E009673F9 /* ViewController.m */; };
		53C3241220E0900E009673F9 /* Main.storyboard in Resources */ = {isa = PBXBuildFile; fileRef = 53C3241020E0900E009673F9 /* Main.storyboard */; };
		53C3241420E0900F009673F9 /* Assets.xcassets in Resources */ = {isa = PBXBuildFile; fileRef = 53C3241320E0900F009673F9 /* Assets.xcassets */; };
		53C3241720E0900F009673F9 /* LaunchScreen.storyboard in Resources */ = {isa = PBXBuildFile; fileRef = 53C3241520E0900F009673F9 /* LaunchScreen.storyboard */; };
		53C3241A20E0900F009673F9 /* main.m in Sources */ = {isa = PBXBuildFile; fileRef = 53C3241920E0900F009673F9 /* main.m */; };
		53C3242420E09010009673F9 /* XZNetworkDemoTests.m in Sources */ = {isa = PBXBuildFile; fileRef = 53C3242320E09010009673F9 /* XZNetworkDemoTests.m */; };
		53C3242F20E09010009673F9 /* XZNetworkDemoUITests.m in Sources */ = {isa = PBXBuildFile; fileRef = 53C3242E20E09010009673F9 /* XZNetworkDemoUITests.m */; };
		53C3243F20E09028009673F9 /* XZNetwork.m in Sources */ = {isa = PBXBuildFile; fileRef = 53C3243E20E09028009673F9 /* XZNetwork.m */; };
		53C3246820E090F4009673F9 /* LICENSE in Resources */ = {isa = PBXBuildFile; fileRef = 53C3244220E090F3009673F9 /* LICENSE */; };
		53C3246920E090F4009673F9 /* README.md in Resources */ = {isa = PBXBuildFile; fileRef = 53C3244320E090F3009673F9 /* README.md */; };
		53C3246A20E090F4009673F9 /* UIProgressView+AFNetworking.m in Sources */ = {isa = PBXBuildFile; fileRef = 53C3244520E090F3009673F9 /* UIProgressView+AFNetworking.m */; };
		53C3246B20E090F4009673F9 /* UIRefreshControl+AFNetworking.m in Sources */ = {isa = PBXBuildFile; fileRef = 53C3244720E090F3009673F9 /* UIRefreshControl+AFNetworking.m */; };
		53C3246C20E090F4009673F9 /* AFNetworkActivityIndicatorManager.m in Sources */ = {isa = PBXBuildFile; fileRef = 53C3244A20E090F3009673F9 /* AFNetworkActivityIndicatorManager.m */; };
		53C3246D20E090F4009673F9 /* UIImageView+AFNetworking.m in Sources */ = {isa = PBXBuildFile; fileRef = 53C3245020E090F3009673F9 /* UIImageView+AFNetworking.m */; };
		53C3246E20E090F4009673F9 /* UIButton+AFNetworking.m in Sources */ = {isa = PBXBuildFile; fileRef = 53C3245320E090F3009673F9 /* UIButton+AFNetworking.m */; };
		53C3246F20E090F4009673F9 /* UIActivityIndicatorView+AFNetworking.m in Sources */ = {isa = PBXBuildFile; fileRef = 53C3245420E090F3009673F9 /* UIActivityIndicatorView+AFNetworking.m */; };
		53C3247020E090F4009673F9 /* UIWebView+AFNetworking.m in Sources */ = {isa = PBXBuildFile; fileRef = 53C3245520E090F3009673F9 /* UIWebView+AFNetworking.m */; };
		53C3247120E090F4009673F9 /* AFAutoPurgingImageCache.m in Sources */ = {isa = PBXBuildFile; fileRef = 53C3245620E090F3009673F9 /* AFAutoPurgingImageCache.m */; };
		53C3247220E090F4009673F9 /* AFImageDownloader.m in Sources */ = {isa = PBXBuildFile; fileRef = 53C3245820E090F3009673F9 /* AFImageDownloader.m */; };
		53C3247320E090F4009673F9 /* AFURLResponseSerialization.m in Sources */ = {isa = PBXBuildFile; fileRef = 53C3245E20E090F3009673F9 /* AFURLResponseSerialization.m */; };
		53C3247420E090F4009673F9 /* AFHTTPSessionManager.m in Sources */ = {isa = PBXBuildFile; fileRef = 53C3245F20E090F3009673F9 /* AFHTTPSessionManager.m */; };
		53C3247520E090F4009673F9 /* AFURLSessionManager.m in Sources */ = {isa = PBXBuildFile; fileRef = 53C3246120E090F3009673F9 /* AFURLSessionManager.m */; };
		53C3247620E090F4009673F9 /* AFURLRequestSerialization.m in Sources */ = {isa = PBXBuildFile; fileRef = 53C3246220E090F3009673F9 /* AFURLRequestSerialization.m */; };
		53C3247720E090F4009673F9 /* AFNetworkReachabilityManager.m in Sources */ = {isa = PBXBuildFile; fileRef = 53C3246420E090F3009673F9 /* AFNetworkReachabilityManager.m */; };
		53C3247820E090F4009673F9 /* AFSecurityPolicy.m in Sources */ = {isa = PBXBuildFile; fileRef = 53C3246520E090F3009673F9 /* AFSecurityPolicy.m */; };
/* End PBXBuildFile section */

/* Begin PBXContainerItemProxy section */
		53C3242020E09010009673F9 /* PBXContainerItemProxy */ = {
			isa = PBXContainerItemProxy;
			containerPortal = 53C323FF20E0900E009673F9 /* Project object */;
			proxyType = 1;
			remoteGlobalIDString = 53C3240620E0900E009673F9;
			remoteInfo = XZNetworkDemo;
		};
		53C3242B20E09010009673F9 /* PBXContainerItemProxy */ = {
			isa = PBXContainerItemProxy;
			containerPortal = 53C323FF20E0900E009673F9 /* Project object */;
			proxyType = 1;
			remoteGlobalIDString = 53C3240620E0900E009673F9;
			remoteInfo = XZNetworkDemo;
		};
/* End PBXContainerItemProxy section */

/* Begin PBXFileReference section */
		53C3240720E0900E009673F9 /* XZNetworkDemo.app */ = {isa = PBXFileReference; explicitFileType = wrapper.application; includeInIndex = 0; path = XZNetworkDemo.app; sourceTree = BUILT_PRODUCTS_DIR; };
		53C3240A20E0900E009673F9 /* AppDelegate.h */ = {isa = PBXFileReference; lastKnownFileType = sourcecode.c.h; path = AppDelegate.h; sourceTree = "<group>"; };
		53C3240B20E0900E009673F9 /* AppDelegate.m */ = {isa = PBXFileReference; lastKnownFileType = sourcecode.c.objc; path = AppDelegate.m; sourceTree = "<group>"; };
		53C3240D20E0900E009673F9 /* ViewController.h */ = {isa = PBXFileReference; lastKnownFileType = sourcecode.c.h; path = ViewController.h; sourceTree = "<group>"; };
		53C3240E20E0900E009673F9 /* ViewController.m */ = {isa = PBXFileReference; lastKnownFileType = sourcecode.c.objc; path = ViewController.m; sourceTree = "<group>"; };
		53C3241120E0900E009673F9 /* Base */ = {isa = PBXFileReference; lastKnownFileType = file.storyboard; name = Base; path = Base.lproj/Main.storyboard; sourceTree = "<group>"; };
		53C3241320E0900F009673F9 /* Assets.xcassets */ = {isa = PBXFileReference; lastKnownFileType = folder.assetcatalog; path = Assets.xcassets; sourceTree = "<group>"; };
		53C3241620E0900F009673F9 /* Base */ = {isa = PBXFileReference; lastKnownFileType = file.storyboard; name = Base; path = Base.lproj/LaunchScreen.storyboard; sourceTree = "<group>"; };
		53C3241820E0900F009673F9 /* Info.plist */ = {isa = PBXFileReference; lastKnownFileType = text.plist.xml; path = Info.plist; sourceTree = "<group>"; };
		53C3241920E0900F009673F9 /* main.m */ = {isa = PBXFileReference; lastKnownFileType = sourcecode.c.objc; path = main.m; sourceTree = "<group>"; };
		53C3241F20E09010009673F9 /* XZNetworkDemoTests.xctest */ = {isa = PBXFileReference; explicitFileType = wrapper.cfbundle; includeInIndex = 0; path = XZNetworkDemoTests.xctest; sourceTree = BUILT_PRODUCTS_DIR; };
		53C3242320E09010009673F9 /* XZNetworkDemoTests.m */ = {isa = PBXFileReference; lastKnownFileType = sourcecode.c.objc; path = XZNetworkDemoTests.m; sourceTree = "<group>"; };
		53C3242520E09010009673F9 /* Info.plist */ = {isa = PBXFileReference; lastKnownFileType = text.plist.xml; path = Info.plist; sourceTree = "<group>"; };
		53C3242A20E09010009673F9 /* XZNetworkDemoUITests.xctest */ = {isa = PBXFileReference; explicitFileType = wrapper.cfbundle; includeInIndex = 0; path = XZNetworkDemoUITests.xctest; sourceTree = BUILT_PRODUCTS_DIR; };
		53C3242E20E09010009673F9 /* XZNetworkDemoUITests.m */ = {isa = PBXFileReference; lastKnownFileType = sourcecode.c.objc; path = XZNetworkDemoUITests.m; sourceTree = "<group>"; };
		53C3243020E09010009673F9 /* Info.plist */ = {isa = PBXFileReference; lastKnownFileType = text.plist.xml; path = Info.plist; sourceTree = "<group>"; };
		53C3243D20E09028009673F9 /* XZNetwork.h */ = {isa = PBXFileReference; fileEncoding = 4; lastKnownFileType = sourcecode.c.h; path = XZNetwork.h; sourceTree = "<group>"; };
		53C3243E20E09028009673F9 /* XZNetwork.m */ = {isa = PBXFileReference; fileEncoding = 4; lastKnownFileType = sourcecode.c.objc; path = XZNetwork.m; sourceTree = "<group>"; };
		53C3244220E090F3009673F9 /* LICENSE */ = {isa = PBXFileReference; fileEncoding = 4; lastKnownFileType = text; path = LICENSE; sourceTree = "<group>"; };
		53C3244320E090F3009673F9 /* README.md */ = {isa = PBXFileReference; fileEncoding = 4; lastKnownFileType = net.daringfireball.markdown; path = README.md; sourceTree = "<group>"; };
		53C3244520E090F3009673F9 /* UIProgressView+AFNetworking.m */ = {isa = PBXFileReference; fileEncoding = 4; lastKnownFileType = sourcecode.c.objc; path = "UIProgressView+AFNetworking.m"; sourceTree = "<group>"; };
		53C3244620E090F3009673F9 /* UIButton+AFNetworking.h */ = {isa = PBXFileReference; fileEncoding = 4; lastKnownFileType = sourcecode.c.h; path = "UIButton+AFNetworking.h"; sourceTree = "<group>"; };
		53C3244720E090F3009673F9 /* UIRefreshControl+AFNetworking.m */ = {isa = PBXFileReference; fileEncoding = 4; lastKnownFileType = sourcecode.c.objc; path = "UIRefreshControl+AFNetworking.m"; sourceTree = "<group>"; };
		53C3244820E090F3009673F9 /* UIImageView+AFNetworking.h */ = {isa = PBXFileReference; fileEncoding = 4; lastKnownFileType = sourcecode.c.h; path = "UIImageView+AFNetworking.h"; sourceTree = "<group>"; };
		53C3244920E090F3009673F9 /* AFImageDownloader.h */ = {isa = PBXFileReference; fileEncoding = 4; lastKnownFileType = sourcecode.c.h; path = AFImageDownloader.h; sourceTree = "<group>"; };
		53C3244A20E090F3009673F9 /* AFNetworkActivityIndicatorManager.m */ = {isa = PBXFileReference; fileEncoding = 4; lastKnownFileType = sourcecode.c.objc; path = AFNetworkActivityIndicatorManager.m; sourceTree = "<group>"; };
		53C3244B20E090F3009673F9 /* AFAutoPurgingImageCache.h */ = {isa = PBXFileReference; fileEncoding = 4; lastKnownFileType = sourcecode.c.h; path = AFAutoPurgingImageCache.h; sourceTree = "<group>"; };
		53C3244C20E090F3009673F9 /* UIWebView+AFNetworking.h */ = {isa = PBXFileReference; fileEncoding = 4; lastKnownFileType = sourcecode.c.h; path = "UIWebView+AFNetworking.h"; sourceTree = "<group>"; };
		53C3244D20E090F3009673F9 /* UIActivityIndicatorView+AFNetworking.h */ = {isa = PBXFileReference; fileEncoding = 4; lastKnownFileType = sourcecode.c.h; path = "UIActivityIndicatorView+AFNetworking.h"; sourceTree = "<group>"; };
		53C3244E20E090F3009673F9 /* UIImage+AFNetworking.h */ = {isa = PBXFileReference; fileEncoding = 4; lastKnownFileType = sourcecode.c.h; path = "UIImage+AFNetworking.h"; sourceTree = "<group>"; };
		53C3244F20E090F3009673F9 /* UIProgressView+AFNetworking.h */ = {isa = PBXFileReference; fileEncoding = 4; lastKnownFileType = sourcecode.c.h; path = "UIProgressView+AFNetworking.h"; sourceTree = "<group>"; };
		53C3245020E090F3009673F9 /* UIImageView+AFNetworking.m */ = {isa = PBXFileReference; fileEncoding = 4; lastKnownFileType = sourcecode.c.objc; path = "UIImageView+AFNetworking.m"; sourceTree = "<group>"; };
		53C3245120E090F3009673F9 /* UIKit+AFNetworking.h */ = {isa = PBXFileReference; fileEncoding = 4; lastKnownFileType = sourcecode.c.h; path = "UIKit+AFNetworking.h"; sourceTree = "<group>"; };
		53C3245220E090F3009673F9 /* UIRefreshControl+AFNetworking.h */ = {isa = PBXFileReference; fileEncoding = 4; lastKnownFileType = sourcecode.c.h; path = "UIRefreshControl+AFNetworking.h"; sourceTree = "<group>"; };
		53C3245320E090F3009673F9 /* UIButton+AFNetworking.m */ = {isa = PBXFileReference; fileEncoding = 4; lastKnownFileType = sourcecode.c.objc; path = "UIButton+AFNetworking.m"; sourceTree = "<group>"; };
		53C3245420E090F3009673F9 /* UIActivityIndicatorView+AFNetworking.m */ = {isa = PBXFileReference; fileEncoding = 4; lastKnownFileType = sourcecode.c.objc; path = "UIActivityIndicatorView+AFNetworking.m"; sourceTree = "<group>"; };
		53C3245520E090F3009673F9 /* UIWebView+AFNetworking.m */ = {isa = PBXFileReference; fileEncoding = 4; lastKnownFileType = sourcecode.c.objc; path = "UIWebView+AFNetworking.m"; sourceTree = "<group>"; };
		53C3245620E090F3009673F9 /* AFAutoPurgingImageCache.m */ = {isa = PBXFileReference; fileEncoding = 4; lastKnownFileType = sourcecode.c.objc; path = AFAutoPurgingImageCache.m; sourceTree = "<group>"; };
		53C3245720E090F3009673F9 /* AFNetworkActivityIndicatorManager.h */ = {isa = PBXFileReference; fileEncoding = 4; lastKnownFileType = sourcecode.c.h; path = AFNetworkActivityIndicatorManager.h; sourceTree = "<group>"; };
		53C3245820E090F3009673F9 /* AFImageDownloader.m */ = {isa = PBXFileReference; fileEncoding = 4; lastKnownFileType = sourcecode.c.objc; path = AFImageDownloader.m; sourceTree = "<group>"; };
		53C3245A20E090F3009673F9 /* AFSecurityPolicy.h */ = {isa = PBXFileReference; fileEncoding = 4; lastKnownFileType = sourcecode.c.h; path = AFSecurityPolicy.h; sourceTree = "<group>"; };
		53C3245B20E090F3009673F9 /* AFNetworkReachabilityManager.h */ = {isa = PBXFileReference; fileEncoding = 4; lastKnownFileType = sourcecode.c.h; path = AFNetworkReachabilityManager.h; sourceTree = "<group>"; };
		53C3245C20E090F3009673F9 /* AFURLSessionManager.h */ = {isa = PBXFileReference; fileEncoding = 4; lastKnownFileType = sourcecode.c.h; path = AFURLSessionManager.h; sourceTree = "<group>"; };
		53C3245D20E090F3009673F9 /* AFURLRequestSerialization.h */ = {isa = PBXFileReference; fileEncoding = 4; lastKnownFileType = sourcecode.c.h; path = AFURLRequestSerialization.h; sourceTree = "<group>"; };
		53C3245E20E090F3009673F9 /* AFURLResponseSerialization.m */ = {isa = PBXFileReference; fileEncoding = 4; lastKnownFileType = sourcecode.c.objc; path = AFURLResponseSerialization.m; sourceTree = "<group>"; };
		53C3245F20E090F3009673F9 /* AFHTTPSessionManager.m */ = {isa = PBXFileReference; fileEncoding = 4; lastKnownFileType = sourcecode.c.objc; path = AFHTTPSessionManager.m; sourceTree = "<group>"; };
		53C3246020E090F3009673F9 /* AFURLResponseSerialization.h */ = {isa = PBXFileReference; fileEncoding = 4; lastKnownFileType = sourcecode.c.h; path = AFURLResponseSerialization.h; sourceTree = "<group>"; };
		53C3246120E090F3009673F9 /* AFURLSessionManager.m */ = {isa = PBXFileReference; fileEncoding = 4; lastKnownFileType = sourcecode.c.objc; path = AFURLSessionManager.m; sourceTree = "<group>"; };
		53C3246220E090F3009673F9 /* AFURLRequestSerialization.m */ = {isa = PBXFileReference; fileEncoding = 4; lastKnownFileType = sourcecode.c.objc; path = AFURLRequestSerialization.m; sourceTree = "<group>"; };
		53C3246320E090F3009673F9 /* AFNetworking.h */ = {isa = PBXFileReference; fileEncoding = 4; lastKnownFileType = sourcecode.c.h; path = AFNetworking.h; sourceTree = "<group>"; };
		53C3246420E090F3009673F9 /* AFNetworkReachabilityManager.m */ = {isa = PBXFileReference; fileEncoding = 4; lastKnownFileType = sourcecode.c.objc; path = AFNetworkReachabilityManager.m; sourceTree = "<group>"; };
		53C3246520E090F3009673F9 /* AFSecurityPolicy.m */ = {isa = PBXFileReference; fileEncoding = 4; lastKnownFileType = sourcecode.c.objc; path = AFSecurityPolicy.m; sourceTree = "<group>"; };
		53C3246620E090F3009673F9 /* AFCompatibilityMacros.h */ = {isa = PBXFileReference; fileEncoding = 4; lastKnownFileType = sourcecode.c.h; path = AFCompatibilityMacros.h; sourceTree = "<group>"; };
		53C3246720E090F3009673F9 /* AFHTTPSessionManager.h */ = {isa = PBXFileReference; fileEncoding = 4; lastKnownFileType = sourcecode.c.h; path = AFHTTPSessionManager.h; sourceTree = "<group>"; };
/* End PBXFileReference section */

/* Begin PBXFrameworksBuildPhase section */
		53C3240420E0900E009673F9 /* Frameworks */ = {
			isa = PBXFrameworksBuildPhase;
			buildActionMask = 2147483647;
			files = (
			);
			runOnlyForDeploymentPostprocessing = 0;
		};
		53C3241C20E09010009673F9 /* Frameworks */ = {
			isa = PBXFrameworksBuildPhase;
			buildActionMask = 2147483647;
			files = (
			);
			runOnlyForDeploymentPostprocessing = 0;
		};
		53C3242720E09010009673F9 /* Frameworks */ = {
			isa = PBXFrameworksBuildPhase;
			buildActionMask = 2147483647;
			files = (
			);
			runOnlyForDeploymentPostprocessing = 0;
		};
/* End PBXFrameworksBuildPhase section */

/* Begin PBXGroup section */
		53554C3420E0B1480035E9A3 /* Supporting Files */ = {
			isa = PBXGroup;
			children = (
				53C3241020E0900E009673F9 /* Main.storyboard */,
				53C3241320E0900F009673F9 /* Assets.xcassets */,
				53C3241520E0900F009673F9 /* LaunchScreen.storyboard */,
				53C3241820E0900F009673F9 /* Info.plist */,
				53C3241920E0900F009673F9 /* main.m */,
			);
			name = "Supporting Files";
			sourceTree = "<group>";
		};
		53C323FE20E0900E009673F9 = {
			isa = PBXGroup;
			children = (
				53C3240920E0900E009673F9 /* XZNetworkDemo */,
				53C3242220E09010009673F9 /* XZNetworkDemoTests */,
				53C3242D20E09010009673F9 /* XZNetworkDemoUITests */,
				53C3240820E0900E009673F9 /* Products */,
			);
			sourceTree = "<group>";
		};
		53C3240820E0900E009673F9 /* Products */ = {
			isa = PBXGroup;
			children = (
				53C3240720E0900E009673F9 /* XZNetworkDemo.app */,
				53C3241F20E09010009673F9 /* XZNetworkDemoTests.xctest */,
				53C3242A20E09010009673F9 /* XZNetworkDemoUITests.xctest */,
			);
			name = Products;
			sourceTree = "<group>";
		};
		53C3240920E0900E009673F9 /* XZNetworkDemo */ = {
			isa = PBXGroup;
			children = (
				53C3243C20E09028009673F9 /* XZNetwork */,
				53C3244020E090D0009673F9 /* Vendors */,
				53C3240A20E0900E009673F9 /* AppDelegate.h */,
				53C3240B20E0900E009673F9 /* AppDelegate.m */,
				53C3240D20E0900E009673F9 /* ViewController.h */,
				53C3240E20E0900E009673F9 /* ViewController.m */,
				53554C3420E0B1480035E9A3 /* Supporting Files */,
			);
			path = XZNetworkDemo;
			sourceTree = "<group>";
		};
		53C3242220E09010009673F9 /* XZNetworkDemoTests */ = {
			isa = PBXGroup;
			children = (
				53C3242320E09010009673F9 /* XZNetworkDemoTests.m */,
				53C3242520E09010009673F9 /* Info.plist */,
			);
			path = XZNetworkDemoTests;
			sourceTree = "<group>";
		};
		53C3242D20E09010009673F9 /* XZNetworkDemoUITests */ = {
			isa = PBXGroup;
			children = (
				53C3242E20E09010009673F9 /* XZNetworkDemoUITests.m */,
				53C3243020E09010009673F9 /* Info.plist */,
			);
			path = XZNetworkDemoUITests;
			sourceTree = "<group>";
		};
		53C3243C20E09028009673F9 /* XZNetwork */ = {
			isa = PBXGroup;
			children = (
				53C3243D20E09028009673F9 /* XZNetwork.h */,
				53C3243E20E09028009673F9 /* XZNetwork.m */,
			);
			name = XZNetwork;
			path = ../../XZNetwork;
			sourceTree = "<group>";
		};
		53C3244020E090D0009673F9 /* Vendors */ = {
			isa = PBXGroup;
			children = (
				53C3244120E090F3009673F9 /* AFNetworking */,
			);
			path = Vendors;
			sourceTree = "<group>";
		};
		53C3244120E090F3009673F9 /* AFNetworking */ = {
			isa = PBXGroup;
			children = (
				53C3244220E090F3009673F9 /* LICENSE */,
				53C3244320E090F3009673F9 /* README.md */,
				53C3244420E090F3009673F9 /* UIKit+AFNetworking */,
				53C3245920E090F3009673F9 /* AFNetworking */,
			);
			path = AFNetworking;
			sourceTree = "<group>";
		};
		53C3244420E090F3009673F9 /* UIKit+AFNetworking */ = {
			isa = PBXGroup;
			children = (
				53C3244520E090F3009673F9 /* UIProgressView+AFNetworking.m */,
				53C3244620E090F3009673F9 /* UIButton+AFNetworking.h */,
				53C3244720E090F3009673F9 /* UIRefreshControl+AFNetworking.m */,
				53C3244820E090F3009673F9 /* UIImageView+AFNetworking.h */,
				53C3244920E090F3009673F9 /* AFImageDownloader.h */,
				53C3244A20E090F3009673F9 /* AFNetworkActivityIndicatorManager.m */,
				53C3244B20E090F3009673F9 /* AFAutoPurgingImageCache.h */,
				53C3244C20E090F3009673F9 /* UIWebView+AFNetworking.h */,
				53C3244D20E090F3009673F9 /* UIActivityIndicatorView+AFNetworking.h */,
				53C3244E20E090F3009673F9 /* UIImage+AFNetworking.h */,
				53C3244F20E090F3009673F9 /* UIProgressView+AFNetworking.h */,
				53C3245020E090F3009673F9 /* UIImageView+AFNetworking.m */,
				53C3245120E090F3009673F9 /* UIKit+AFNetworking.h */,
				53C3245220E090F3009673F9 /* UIRefreshControl+AFNetworking.h */,
				53C3245320E090F3009673F9 /* UIButton+AFNetworking.m */,
				53C3245420E090F3009673F9 /* UIActivityIndicatorView+AFNetworking.m */,
				53C3245520E090F3009673F9 /* UIWebView+AFNetworking.m */,
				53C3245620E090F3009673F9 /* AFAutoPurgingImageCache.m */,
				53C3245720E090F3009673F9 /* AFNetworkActivityIndicatorManager.h */,
				53C3245820E090F3009673F9 /* AFImageDownloader.m */,
			);
			path = "UIKit+AFNetworking";
			sourceTree = "<group>";
		};
		53C3245920E090F3009673F9 /* AFNetworking */ = {
			isa = PBXGroup;
			children = (
				53C3245A20E090F3009673F9 /* AFSecurityPolicy.h */,
				53C3245B20E090F3009673F9 /* AFNetworkReachabilityManager.h */,
				53C3245C20E090F3009673F9 /* AFURLSessionManager.h */,
				53C3245D20E090F3009673F9 /* AFURLRequestSerialization.h */,
				53C3245E20E090F3009673F9 /* AFURLResponseSerialization.m */,
				53C3245F20E090F3009673F9 /* AFHTTPSessionManager.m */,
				53C3246020E090F3009673F9 /* AFURLResponseSerialization.h */,
				53C3246120E090F3009673F9 /* AFURLSessionManager.m */,
				53C3246220E090F3009673F9 /* AFURLRequestSerialization.m */,
				53C3246320E090F3009673F9 /* AFNetworking.h */,
				53C3246420E090F3009673F9 /* AFNetworkReachabilityManager.m */,
				53C3246520E090F3009673F9 /* AFSecurityPolicy.m */,
				53C3246620E090F3009673F9 /* AFCompatibilityMacros.h */,
				53C3246720E090F3009673F9 /* AFHTTPSessionManager.h */,
			);
			path = AFNetworking;
			sourceTree = "<group>";
		};
/* End PBXGroup section */

/* Begin PBXNativeTarget section */
		53C3240620E0900E009673F9 /* XZNetworkDemo */ = {
			isa = PBXNativeTarget;
			buildConfigurationList = 53C3243320E09010009673F9 /* Build configuration list for PBXNativeTarget "XZNetworkDemo" */;
			buildPhases = (
				53C3240320E0900E009673F9 /* Sources */,
				53C3240420E0900E009673F9 /* Frameworks */,
				53C3240520E0900E009673F9 /* Resources */,
			);
			buildRules = (
			);
			dependencies = (
			);
			name = XZNetworkDemo;
			productName = XZNetworkDemo;
			productReference = 53C3240720E0900E009673F9 /* XZNetworkDemo.app */;
			productType = "com.apple.product-type.application";
		};
		53C3241E20E09010009673F9 /* XZNetworkDemoTests */ = {
			isa = PBXNativeTarget;
			buildConfigurationList = 53C3243620E09010009673F9 /* Build configuration list for PBXNativeTarget "XZNetworkDemoTests" */;
			buildPhases = (
				53C3241B20E09010009673F9 /* Sources */,
				53C3241C20E09010009673F9 /* Frameworks */,
				53C3241D20E09010009673F9 /* Resources */,
			);
			buildRules = (
			);
			dependencies = (
				53C3242120E09010009673F9 /* PBXTargetDependency */,
			);
			name = XZNetworkDemoTests;
			productName = XZNetworkDemoTests;
			productReference = 53C3241F20E09010009673F9 /* XZNetworkDemoTests.xctest */;
			productType = "com.apple.product-type.bundle.unit-test";
		};
		53C3242920E09010009673F9 /* XZNetworkDemoUITests */ = {
			isa = PBXNativeTarget;
			buildConfigurationList = 53C3243920E09010009673F9 /* Build configuration list for PBXNativeTarget "XZNetworkDemoUITests" */;
			buildPhases = (
				53C3242620E09010009673F9 /* Sources */,
				53C3242720E09010009673F9 /* Frameworks */,
				53C3242820E09010009673F9 /* Resources */,
			);
			buildRules = (
			);
			dependencies = (
				53C3242C20E09010009673F9 /* PBXTargetDependency */,
			);
			name = XZNetworkDemoUITests;
			productName = XZNetworkDemoUITests;
			productReference = 53C3242A20E09010009673F9 /* XZNetworkDemoUITests.xctest */;
			productType = "com.apple.product-type.bundle.ui-testing";
		};
/* End PBXNativeTarget section */

/* Begin PBXProject section */
		53C323FF20E0900E009673F9 /* Project object */ = {
			isa = PBXProject;
			attributes = {
				LastUpgradeCheck = 0930;
				ORGANIZATIONNAME = XinZ;
				TargetAttributes = {
					53C3240620E0900E009673F9 = {
						CreatedOnToolsVersion = 9.3.1;
					};
					53C3241E20E09010009673F9 = {
						CreatedOnToolsVersion = 9.3.1;
						TestTargetID = 53C3240620E0900E009673F9;
					};
					53C3242920E09010009673F9 = {
						CreatedOnToolsVersion = 9.3.1;
						TestTargetID = 53C3240620E0900E009673F9;
					};
				};
			};
			buildConfigurationList = 53C3240220E0900E009673F9 /* Build configuration list for PBXProject "XZNetworkDemo" */;
			compatibilityVersion = "Xcode 9.3";
			developmentRegion = en;
			hasScannedForEncodings = 0;
			knownRegions = (
				en,
				Base,
			);
			mainGroup = 53C323FE20E0900E009673F9;
			productRefGroup = 53C3240820E0900E009673F9 /* Products */;
			projectDirPath = "";
			projectRoot = "";
			targets = (
				53C3240620E0900E009673F9 /* XZNetworkDemo */,
				53C3241E20E09010009673F9 /* XZNetworkDemoTests */,
				53C3242920E09010009673F9 /* XZNetworkDemoUITests */,
			);
		};
/* End PBXProject section */

/* Begin PBXResourcesBuildPhase section */
		53C3240520E0900E009673F9 /* Resources */ = {
			isa = PBXResourcesBuildPhase;
			buildActionMask = 2147483647;
			files = (
				53C3241720E0900F009673F9 /* LaunchScreen.storyboard in Resources */,
				53C3241420E0900F009673F9 /* Assets.xcassets in Resources */,
				53C3246920E090F4009673F9 /* README.md in Resources */,
				53C3246820E090F4009673F9 /* LICENSE in Resources */,
				53C3241220E0900E009673F9 /* Main.storyboard in Resources */,
			);
			runOnlyForDeploymentPostprocessing = 0;
		};
		53C3241D20E09010009673F9 /* Resources */ = {
			isa = PBXResourcesBuildPhase;
			buildActionMask = 2147483647;
			files = (
			);
			runOnlyForDeploymentPostprocessing = 0;
		};
		53C3242820E09010009673F9 /* Resources */ = {
			isa = PBXResourcesBuildPhase;
			buildActionMask = 2147483647;
			files = (
			);
			runOnlyForDeploymentPostprocessing = 0;
		};
/* End PBXResourcesBuildPhase section */

/* Begin PBXSourcesBuildPhase section */
		53C3240320E0900E009673F9 /* Sources */ = {
			isa = PBXSourcesBuildPhase;
			buildActionMask = 2147483647;
			files = (
				53C3243F20E09028009673F9 /* XZNetwork.m in Sources */,
				53C3240F20E0900E009673F9 /* ViewController.m in Sources */,
				53C3246E20E090F4009673F9 /* UIButton+AFNetworking.m in Sources */,
				53C3247220E090F4009673F9 /* AFImageDownloader.m in Sources */,
				53C3247120E090F4009673F9 /* AFAutoPurgingImageCache.m in Sources */,
				53C3246B20E090F4009673F9 /* UIRefreshControl+AFNetworking.m in Sources */,
				53C3246D20E090F4009673F9 /* UIImageView+AFNetworking.m in Sources */,
				53C3247020E090F4009673F9 /* UIWebView+AFNetworking.m in Sources */,
				53C3247820E090F4009673F9 /* AFSecurityPolicy.m in Sources */,
				53C3241A20E0900F009673F9 /* main.m in Sources */,
				53C3247520E090F4009673F9 /* AFURLSessionManager.m in Sources */,
				53C3247720E090F4009673F9 /* AFNetworkReachabilityManager.m in Sources */,
				53C3246F20E090F4009673F9 /* UIActivityIndicatorView+AFNetworking.m in Sources */,
				53C3240C20E0900E009673F9 /* AppDelegate.m in Sources */,
				53C3247620E090F4009673F9 /* AFURLRequestSerialization.m in Sources */,
				53C3246C20E090F4009673F9 /* AFNetworkActivityIndicatorManager.m in Sources */,
				53C3247420E090F4009673F9 /* AFHTTPSessionManager.m in Sources */,
				53C3247320E090F4009673F9 /* AFURLResponseSerialization.m in Sources */,
				53C3246A20E090F4009673F9 /* UIProgressView+AFNetworking.m in Sources */,
			);
			runOnlyForDeploymentPostprocessing = 0;
		};
		53C3241B20E09010009673F9 /* Sources */ = {
			isa = PBXSourcesBuildPhase;
			buildActionMask = 2147483647;
			files = (
				53C3242420E09010009673F9 /* XZNetworkDemoTests.m in Sources */,
			);
			runOnlyForDeploymentPostprocessing = 0;
		};
		53C3242620E09010009673F9 /* Sources */ = {
			isa = PBXSourcesBuildPhase;
			buildActionMask = 2147483647;
			files = (
				53C3242F20E09010009673F9 /* XZNetworkDemoUITests.m in Sources */,
			);
			runOnlyForDeploymentPostprocessing = 0;
		};
/* End PBXSourcesBuildPhase section */

/* Begin PBXTargetDependency section */
		53C3242120E09010009673F9 /* PBXTargetDependency */ = {
			isa = PBXTargetDependency;
			target = 53C3240620E0900E009673F9 /* XZNetworkDemo */;
			targetProxy = 53C3242020E09010009673F9 /* PBXContainerItemProxy */;
		};
		53C3242C20E09010009673F9 /* PBXTargetDependency */ = {
			isa = PBXTargetDependency;
			target = 53C3240620E0900E009673F9 /* XZNetworkDemo */;
			targetProxy = 53C3242B20E09010009673F9 /* PBXContainerItemProxy */;
		};
/* End PBXTargetDependency section */

/* Begin PBXVariantGroup section */
		53C3241020E0900E009673F9 /* Main.storyboard */ = {
			isa = PBXVariantGroup;
			children = (
				53C3241120E0900E009673F9 /* Base */,
			);
			name = Main.storyboard;
			sourceTree = "<group>";
		};
		53C3241520E0900F009673F9 /* LaunchScreen.storyboard */ = {
			isa = PBXVariantGroup;
			children = (
				53C3241620E0900F009673F9 /* Base */,
			);
			name = LaunchScreen.storyboard;
			sourceTree = "<group>";
		};
/* End PBXVariantGroup section */

/* Begin XCBuildConfiguration section */
		53C3243120E09010009673F9 /* Debug */ = {
			isa = XCBuildConfiguration;
			buildSettings = {
				ALWAYS_SEARCH_USER_PATHS = NO;
				CLANG_ANALYZER_NONNULL = YES;
				CLANG_ANALYZER_NUMBER_OBJECT_CONVERSION = YES_AGGRESSIVE;
				CLANG_CXX_LANGUAGE_STANDARD = "gnu++14";
				CLANG_CXX_LIBRARY = "libc++";
				CLANG_ENABLE_MODULES = YES;
				CLANG_ENABLE_OBJC_ARC = YES;
				CLANG_ENABLE_OBJC_WEAK = YES;
				CLANG_WARN_BLOCK_CAPTURE_AUTORELEASING = YES;
				CLANG_WARN_BOOL_CONVERSION = YES;
				CLANG_WARN_COMMA = YES;
				CLANG_WARN_CONSTANT_CONVERSION = YES;
				CLANG_WARN_DEPRECATED_OBJC_IMPLEMENTATIONS = YES;
				CLANG_WARN_DIRECT_OBJC_ISA_USAGE = YES_ERROR;
				CLANG_WARN_DOCUMENTATION_COMMENTS = YES;
				CLANG_WARN_EMPTY_BODY = YES;
				CLANG_WARN_ENUM_CONVERSION = YES;
				CLANG_WARN_INFINITE_RECURSION = YES;
				CLANG_WARN_INT_CONVERSION = YES;
				CLANG_WARN_NON_LITERAL_NULL_CONVERSION = YES;
				CLANG_WARN_OBJC_IMPLICIT_RETAIN_SELF = YES;
				CLANG_WARN_OBJC_LITERAL_CONVERSION = YES;
				CLANG_WARN_OBJC_ROOT_CLASS = YES_ERROR;
				CLANG_WARN_RANGE_LOOP_ANALYSIS = YES;
				CLANG_WARN_STRICT_PROTOTYPES = YES;
				CLANG_WARN_SUSPICIOUS_MOVE = YES;
				CLANG_WARN_UNGUARDED_AVAILABILITY = YES_AGGRESSIVE;
				CLANG_WARN_UNREACHABLE_CODE = YES;
				CLANG_WARN__DUPLICATE_METHOD_MATCH = YES;
				CODE_SIGN_IDENTITY = "iPhone Developer";
				COPY_PHASE_STRIP = NO;
				DEBUG_INFORMATION_FORMAT = dwarf;
				ENABLE_STRICT_OBJC_MSGSEND = YES;
				ENABLE_TESTABILITY = YES;
				GCC_C_LANGUAGE_STANDARD = gnu11;
				GCC_DYNAMIC_NO_PIC = NO;
				GCC_NO_COMMON_BLOCKS = YES;
				GCC_OPTIMIZATION_LEVEL = 0;
				GCC_PREPROCESSOR_DEFINITIONS = (
					"DEBUG=1",
					"$(inherited)",
				);
				GCC_WARN_64_TO_32_BIT_CONVERSION = YES;
				GCC_WARN_ABOUT_RETURN_TYPE = YES_ERROR;
				GCC_WARN_UNDECLARED_SELECTOR = YES;
				GCC_WARN_UNINITIALIZED_AUTOS = YES_AGGRESSIVE;
				GCC_WARN_UNUSED_FUNCTION = YES;
				GCC_WARN_UNUSED_VARIABLE = YES;
				IPHONEOS_DEPLOYMENT_TARGET = 11.3;
				MTL_ENABLE_DEBUG_INFO = YES;
				ONLY_ACTIVE_ARCH = YES;
				SDKROOT = iphoneos;
			};
			name = Debug;
		};
		53C3243220E09010009673F9 /* Release */ = {
			isa = XCBuildConfiguration;
			buildSettings = {
				ALWAYS_SEARCH_USER_PATHS = NO;
				CLANG_ANALYZER_NONNULL = YES;
				CLANG_ANALYZER_NUMBER_OBJECT_CONVERSION = YES_AGGRESSIVE;
				CLANG_CXX_LANGUAGE_STANDARD = "gnu++14";
				CLANG_CXX_LIBRARY = "libc++";
				CLANG_ENABLE_MODULES = YES;
				CLANG_ENABLE_OBJC_ARC = YES;
				CLANG_ENABLE_OBJC_WEAK = YES;
				CLANG_WARN_BLOCK_CAPTURE_AUTORELEASING = YES;
				CLANG_WARN_BOOL_CONVERSION = YES;
				CLANG_WARN_COMMA = YES;
				CLANG_WARN_CONSTANT_CONVERSION = YES;
				CLANG_WARN_DEPRECATED_OBJC_IMPLEMENTATIONS = YES;
				CLANG_WARN_DIRECT_OBJC_ISA_USAGE = YES_ERROR;
				CLANG_WARN_DOCUMENTATION_COMMENTS = YES;
				CLANG_WARN_EMPTY_BODY = YES;
				CLANG_WARN_ENUM_CONVERSION = YES;
				CLANG_WARN_INFINITE_RECURSION = YES;
				CLANG_WARN_INT_CONVERSION = YES;
				CLANG_WARN_NON_LITERAL_NULL_CONVERSION = YES;
				CLANG_WARN_OBJC_IMPLICIT_RETAIN_SELF = YES;
				CLANG_WARN_OBJC_LITERAL_CONVERSION = YES;
				CLANG_WARN_OBJC_ROOT_CLASS = YES_ERROR;
				CLANG_WARN_RANGE_LOOP_ANALYSIS = YES;
				CLANG_WARN_STRICT_PROTOTYPES = YES;
				CLANG_WARN_SUSPICIOUS_MOVE = YES;
				CLANG_WARN_UNGUARDED_AVAILABILITY = YES_AGGRESSIVE;
				CLANG_WARN_UNREACHABLE_CODE = YES;
				CLANG_WARN__DUPLICATE_METHOD_MATCH = YES;
				CODE_SIGN_IDENTITY = "iPhone Developer";
				COPY_PHASE_STRIP = NO;
				DEBUG_INFORMATION_FORMAT = "dwarf-with-dsym";
				ENABLE_NS_ASSERTIONS = NO;
				ENABLE_STRICT_OBJC_MSGSEND = YES;
				GCC_C_LANGUAGE_STANDARD = gnu11;
				GCC_NO_COMMON_BLOCKS = YES;
				GCC_WARN_64_TO_32_BIT_CONVERSION = YES;
				GCC_WARN_ABOUT_RETURN_TYPE = YES_ERROR;
				GCC_WARN_UNDECLARED_SELECTOR = YES;
				GCC_WARN_UNINITIALIZED_AUTOS = YES_AGGRESSIVE;
				GCC_WARN_UNUSED_FUNCTION = YES;
				GCC_WARN_UNUSED_VARIABLE = YES;
				IPHONEOS_DEPLOYMENT_TARGET = 11.3;
				MTL_ENABLE_DEBUG_INFO = NO;
				SDKROOT = iphoneos;
				VALIDATE_PRODUCT = YES;
			};
			name = Release;
		};
		53C3243420E09010009673F9 /* Debug */ = {
			isa = XCBuildConfiguration;
			buildSettings = {
				ASSETCATALOG_COMPILER_APPICON_NAME = AppIcon;
				CODE_SIGN_STYLE = Automatic;
				DEVELOPMENT_TEAM = ZYJ9LCKRWW;
				INFOPLIST_FILE = XZNetworkDemo/Info.plist;
				LD_RUNPATH_SEARCH_PATHS = (
					"$(inherited)",
					"@executable_path/Frameworks",
				);
				PRODUCT_BUNDLE_IDENTIFIER = cn.JKing.XZNetworkDemo;
				PRODUCT_NAME = "$(TARGET_NAME)";
				TARGETED_DEVICE_FAMILY = "1,2";
			};
			name = Debug;
		};
		53C3243520E09010009673F9 /* Release */ = {
			isa = XCBuildConfiguration;
			buildSettings = {
				ASSETCATALOG_COMPILER_APPICON_NAME = AppIcon;
				CODE_SIGN_STYLE = Automatic;
				DEVELOPMENT_TEAM = ZYJ9LCKRWW;
				INFOPLIST_FILE = XZNetworkDemo/Info.plist;
				LD_RUNPATH_SEARCH_PATHS = (
					"$(inherited)",
					"@executable_path/Frameworks",
				);
				PRODUCT_BUNDLE_IDENTIFIER = cn.JKing.XZNetworkDemo;
				PRODUCT_NAME = "$(TARGET_NAME)";
				TARGETED_DEVICE_FAMILY = "1,2";
			};
			name = Release;
		};
		53C3243720E09010009673F9 /* Debug */ = {
			isa = XCBuildConfiguration;
			buildSettings = {
				BUNDLE_LOADER = "$(TEST_HOST)";
				CODE_SIGN_STYLE = Automatic;
				DEVELOPMENT_TEAM = ZYJ9LCKRWW;
				INFOPLIST_FILE = XZNetworkDemoTests/Info.plist;
				LD_RUNPATH_SEARCH_PATHS = (
					"$(inherited)",
					"@executable_path/Frameworks",
					"@loader_path/Frameworks",
				);
				PRODUCT_BUNDLE_IDENTIFIER = cn.JKing.XZNetworkDemoTests;
				PRODUCT_NAME = "$(TARGET_NAME)";
				TARGETED_DEVICE_FAMILY = "1,2";
				TEST_HOST = "$(BUILT_PRODUCTS_DIR)/XZNetworkDemo.app/XZNetworkDemo";
			};
			name = Debug;
		};
		53C3243820E09010009673F9 /* Release */ = {
			isa = XCBuildConfiguration;
			buildSettings = {
				BUNDLE_LOADER = "$(TEST_HOST)";
				CODE_SIGN_STYLE = Automatic;
				DEVELOPMENT_TEAM = ZYJ9LCKRWW;
				INFOPLIST_FILE = XZNetworkDemoTests/Info.plist;
				LD_RUNPATH_SEARCH_PATHS = (
					"$(inherited)",
					"@executable_path/Frameworks",
					"@loader_path/Frameworks",
				);
				PRODUCT_BUNDLE_IDENTIFIER = cn.JKing.XZNetworkDemoTests;
				PRODUCT_NAME = "$(TARGET_NAME)";
				TARGETED_DEVICE_FAMILY = "1,2";
				TEST_HOST = "$(BUILT_PRODUCTS_DIR)/XZNetworkDemo.app/XZNetworkDemo";
			};
			name = Release;
		};
		53C3243A20E09010009673F9 /* Debug */ = {
			isa = XCBuildConfiguration;
			buildSettings = {
				CODE_SIGN_STYLE = Automatic;
				DEVELOPMENT_TEAM = ZYJ9LCKRWW;
				INFOPLIST_FILE = XZNetworkDemoUITests/Info.plist;
				LD_RUNPATH_SEARCH_PATHS = (
					"$(inherited)",
					"@executable_path/Frameworks",
					"@loader_path/Frameworks",
				);
				PRODUCT_BUNDLE_IDENTIFIER = cn.JKing.XZNetworkDemoUITests;
				PRODUCT_NAME = "$(TARGET_NAME)";
				TARGETED_DEVICE_FAMILY = "1,2";
				TEST_TARGET_NAME = XZNetworkDemo;
			};
			name = Debug;
		};
		53C3243B20E09010009673F9 /* Release */ = {
			isa = XCBuildConfiguration;
			buildSettings = {
				CODE_SIGN_STYLE = Automatic;
				DEVELOPMENT_TEAM = ZYJ9LCKRWW;
				INFOPLIST_FILE = XZNetworkDemoUITests/Info.plist;
				LD_RUNPATH_SEARCH_PATHS = (
					"$(inherited)",
					"@executable_path/Frameworks",
					"@loader_path/Frameworks",
				);
				PRODUCT_BUNDLE_IDENTIFIER = cn.JKing.XZNetworkDemoUITests;
				PRODUCT_NAME = "$(TARGET_NAME)";
				TARGETED_DEVICE_FAMILY = "1,2";
				TEST_TARGET_NAME = XZNetworkDemo;
			};
			name = Release;
		};
/* End XCBuildConfiguration section */

/* Begin XCConfigurationList section */
		53C3240220E0900E009673F9 /* Build configuration list for PBXProject "XZNetworkDemo" */ = {
			isa = XCConfigurationList;
			buildConfigurations = (
				53C3243120E09010009673F9 /* Debug */,
				53C3243220E09010009673F9 /* Release */,
			);
			defaultConfigurationIsVisible = 0;
			defaultConfigurationName = Release;
		};
		53C3243320E09010009673F9 /* Build configuration list for PBXNativeTarget "XZNetworkDemo" */ = {
			isa = XCConfigurationList;
			buildConfigurations = (
				53C3243420E09010009673F9 /* Debug */,
				53C3243520E09010009673F9 /* Release */,
			);
			defaultConfigurationIsVisible = 0;
			defaultConfigurationName = Release;
		};
		53C3243620E09010009673F9 /* Build configuration list for PBXNativeTarget "XZNetworkDemoTests" */ = {
			isa = XCConfigurationList;
			buildConfigurations = (
				53C3243720E09010009673F9 /* Debug */,
				53C3243820E09010009673F9 /* Release */,
			);
			defaultConfigurationIsVisible = 0;
			defaultConfigurationName = Release;
		};
		53C3243920E09010009673F9 /* Build configuration list for PBXNativeTarget "XZNetworkDemoUITests" */ = {
			isa = XCConfigurationList;
			buildConfigurations = (
				53C3243A20E09010009673F9 /* Debug */,
				53C3243B20E09010009673F9 /* Release */,
			);
			defaultConfigurationIsVisible = 0;
			defaultConfigurationName = Release;
		};
/* End XCConfigurationList section */
	};
	rootObject = 53C323FF20E0900E009673F9 /* Project object */;
}
